
Microsoft Visual Studio Solution File, Format Version 12.00
# Visual Studio Version 16
VisualStudioVersion = 16.0.30711.63
MinimumVisualStudioVersion = 10.0.40219.1
Project("{9A19103F-16F7-4668-BE54-9A1E7A4F7556}") = "AE.SharePoint.ListsContextCore", "AE.SharePoint.ListsContextCore\AE.SharePoint.ListsContextCore.csproj", "{57734DC1-50B1-485A-AEFC-6D26E8F17FE1}"
EndProject
Project("{FAE04EC0-301F-11D3-BF4B-00C04F79EFBC}") = "AE.SharePoint.ListsContextCore.Extensions.Microsoft.DependencyInjection", "AE.SharePoint.ListsContextCore.Extensions.Microsoft.DependencyInjection\AE.SharePoint.ListsContextCore.Extensions.Microsoft.DependencyInjection.csproj", "{A6688454-2F3B-4BCA-995C-6ACBB443DA1E}"
EndProject
Project("{FAE04EC0-301F-11D3-BF4B-00C04F79EFBC}") = "AE.SharePoint.ListsContextCore.Example", "AE.SharePoint.ListsContextCore.Example\AE.SharePoint.ListsContextCore.Example.csproj", "{80F4512B-4DBD-42F1-99AA-941BFC280C69}"
EndProject
Global
	GlobalSection(SolutionConfigurationPlatforms) = preSolution
		Debug|Any CPU = Debug|Any CPU
		Release|Any CPU = Release|Any CPU
	EndGlobalSection
	GlobalSection(ProjectConfigurationPlatforms) = postSolution
		{57734DC1-50B1-485A-AEFC-6D26E8F17FE1}.Debug|Any CPU.ActiveCfg = Debug|Any CPU
		{57734DC1-50B1-485A-AEFC-6D26E8F17FE1}.Debug|Any CPU.Build.0 = Debug|Any CPU
		{57734DC1-50B1-485A-AEFC-6D26E8F17FE1}.Release|Any CPU.ActiveCfg = Release|Any CPU
		{57734DC1-50B1-485A-AEFC-6D26E8F17FE1}.Release|Any CPU.Build.0 = Release|Any CPU
		{A6688454-2F3B-4BCA-995C-6ACBB443DA1E}.Debug|Any CPU.ActiveCfg = Debug|Any CPU
		{A6688454-2F3B-4BCA-995C-6ACBB443DA1E}.Debug|Any CPU.Build.0 = Debug|Any CPU
		{A6688454-2F3B-4BCA-995C-6ACBB443DA1E}.Release|Any CPU.ActiveCfg = Release|Any CPU
		{A6688454-2F3B-4BCA-995C-6ACBB443DA1E}.Release|Any CPU.Build.0 = Release|Any CPU
		{80F4512B-4DBD-42F1-99AA-941BFC280C69}.Debug|Any CPU.ActiveCfg = Debug|Any CPU
		{80F4512B-4DBD-42F1-99AA-941BFC280C69}.Debug|Any CPU.Build.0 = Debug|Any CPU
		{80F4512B-4DBD-42F1-99AA-941BFC280C69}.Release|Any CPU.ActiveCfg = Release|Any CPU
		{80F4512B-4DBD-42F1-99AA-941BFC280C69}.Release|Any CPU.Build.0 = Release|Any CPU
	EndGlobalSection
	GlobalSection(SolutionProperties) = preSolution
		HideSolutionNode = FALSE
	EndGlobalSection
	GlobalSection(ExtensibilityGlobals) = postSolution
		SolutionGuid = {A95F0332-70DB-4FB1-8058-B4C5AFC3345B}
	EndGlobalSection
EndGlobal
